// !$*UTF8*$!
{
	archiveVersion = 1;
	classes = {
	};
	objectVersion = 50;
	objects = {

/* Begin PBXBuildFile section */
		5A0BADBE265FF87E0082A870 /* Enums.swift in Sources */ = {isa = PBXBuildFile; fileRef = 5A0BADBD265FF87E0082A870 /* Enums.swift */; };
		5A22A9D2265BEE29003D0372 /* UserInfoViewController.swift in Sources */ = {isa = PBXBuildFile; fileRef = 5A22A9D1265BEE29003D0372 /* UserInfoViewController.swift */; };
		5A22A9D7265BF6AC003D0372 /* UIViewControllerExt.swift in Sources */ = {isa = PBXBuildFile; fileRef = 5A22A9D6265BF6AC003D0372 /* UIViewControllerExt.swift */; };
		5A22A9DA265BFD52003D0372 /* FavoritesViewController.swift in Sources */ = {isa = PBXBuildFile; fileRef = 5A22A9D9265BFD52003D0372 /* FavoritesViewController.swift */; };
		5A22A9DC265FF005003D0372 /* FollowersViewController.swift in Sources */ = {isa = PBXBuildFile; fileRef = 5A22A9DB265FF005003D0372 /* FollowersViewController.swift */; };
		5A9B11F4265AC05A0024FB3B /* AppDelegate.swift in Sources */ = {isa = PBXBuildFile; fileRef = 5A9B11F3265AC05A0024FB3B /* AppDelegate.swift */; };
		5A9B11F6265AC05A0024FB3B /* SceneDelegate.swift in Sources */ = {isa = PBXBuildFile; fileRef = 5A9B11F5265AC05A0024FB3B /* SceneDelegate.swift */; };
		5A9B11FE265AC05A0024FB3B /* GitHubFollowers.xcdatamodeld in Sources */ = {isa = PBXBuildFile; fileRef = 5A9B11FC265AC05A0024FB3B /* GitHubFollowers.xcdatamodeld */; };
		5A9B1200265AC05B0024FB3B /* Assets.xcassets in Resources */ = {isa = PBXBuildFile; fileRef = 5A9B11FF265AC05B0024FB3B /* Assets.xcassets */; };
		5A9B1203265AC05B0024FB3B /* LaunchScreen.storyboard in Resources */ = {isa = PBXBuildFile; fileRef = 5A9B1201265AC05B0024FB3B /* LaunchScreen.storyboard */; };
		5A9B120B265AC48F0024FB3B /* DataHelper.swift in Sources */ = {isa = PBXBuildFile; fileRef = 5A9B120A265AC48F0024FB3B /* DataHelper.swift */; };
		5A9B120D265AD46D0024FB3B /* SearchViewController.swift in Sources */ = {isa = PBXBuildFile; fileRef = 5A9B120C265AD46D0024FB3B /* SearchViewController.swift */; };
		5AB6D97C2667A5AB00BC8C20 /* FavoritesTableViewCell.swift in Sources */ = {isa = PBXBuildFile; fileRef = 5AB6D97B2667A5AB00BC8C20 /* FavoritesTableViewCell.swift */; };
		5AB6D97F2667EE5900BC8C20 /* FollowersCollectionViewCell.swift in Sources */ = {isa = PBXBuildFile; fileRef = 5AB6D97E2667EE5900BC8C20 /* FollowersCollectionViewCell.swift */; };
/* End PBXBuildFile section */

/* Begin PBXFileReference section */
		5A0BADBD265FF87E0082A870 /* Enums.swift */ = {isa = PBXFileReference; lastKnownFileType = sourcecode.swift; path = Enums.swift; sourceTree = "<group>"; };
		5A22A9D1265BEE29003D0372 /* UserInfoViewController.swift */ = {isa = PBXFileReference; lastKnownFileType = sourcecode.swift; path = UserInfoViewController.swift; sourceTree = "<group>"; };
		5A22A9D6265BF6AC003D0372 /* UIViewControllerExt.swift */ = {isa = PBXFileReference; lastKnownFileType = sourcecode.swift; path = UIViewControllerExt.swift; sourceTree = "<group>"; };
		5A22A9D9265BFD52003D0372 /* FavoritesViewController.swift */ = {isa = PBXFileReference; lastKnownFileType = sourcecode.swift; path = FavoritesViewController.swift; sourceTree = "<group>"; };
		5A22A9DB265FF005003D0372 /* FollowersViewController.swift */ = {isa = PBXFileReference; lastKnownFileType = sourcecode.swift; path = FollowersViewController.swift; sourceTree = "<group>"; };
		5A9B11F0265AC05A0024FB3B /* GitHubFollowers.app */ = {isa = PBXFileReference; explicitFileType = wrapper.application; includeInIndex = 0; path = GitHubFollowers.app; sourceTree = BUILT_PRODUCTS_DIR; };
		5A9B11F3265AC05A0024FB3B /* AppDelegate.swift */ = {isa = PBXFileReference; lastKnownFileType = sourcecode.swift; path = AppDelegate.swift; sourceTree = "<group>"; };
		5A9B11F5265AC05A0024FB3B /* SceneDelegate.swift */ = {isa = PBXFileReference; lastKnownFileType = sourcecode.swift; path = SceneDelegate.swift; sourceTree = "<group>"; };
		5A9B11FD265AC05A0024FB3B /* GitHubFollowers.xcdatamodel */ = {isa = PBXFileReference; lastKnownFileType = wrapper.xcdatamodel; path = GitHubFollowers.xcdatamodel; sourceTree = "<group>"; };
		5A9B11FF265AC05B0024FB3B /* Assets.xcassets */ = {isa = PBXFileReference; lastKnownFileType = folder.assetcatalog; path = Assets.xcassets; sourceTree = "<group>"; };
		5A9B1202265AC05B0024FB3B /* Base */ = {isa = PBXFileReference; lastKnownFileType = file.storyboard; name = Base; path = Base.lproj/LaunchScreen.storyboard; sourceTree = "<group>"; };
		5A9B1204265AC05B0024FB3B /* Info.plist */ = {isa = PBXFileReference; lastKnownFileType = text.plist.xml; path = Info.plist; sourceTree = "<group>"; };
		5A9B120A265AC48F0024FB3B /* DataHelper.swift */ = {isa = PBXFileReference; lastKnownFileType = sourcecode.swift; path = DataHelper.swift; sourceTree = "<group>"; };
		5A9B120C265AD46D0024FB3B /* SearchViewController.swift */ = {isa = PBXFileReference; lastKnownFileType = sourcecode.swift; path = SearchViewController.swift; sourceTree = "<group>"; };
		5AB6D97B2667A5AB00BC8C20 /* FavoritesTableViewCell.swift */ = {isa = PBXFileReference; lastKnownFileType = sourcecode.swift; path = FavoritesTableViewCell.swift; sourceTree = "<group>"; };
		5AB6D97D2667A86F00BC8C20 /* README.md */ = {isa = PBXFileReference; lastKnownFileType = net.daringfireball.markdown; path = README.md; sourceTree = "<group>"; };
		5AB6D97E2667EE5900BC8C20 /* FollowersCollectionViewCell.swift */ = {isa = PBXFileReference; lastKnownFileType = sourcecode.swift; path = FollowersCollectionViewCell.swift; sourceTree = "<group>"; };
/* End PBXFileReference section */

/* Begin PBXFrameworksBuildPhase section */
		5A9B11ED265AC05A0024FB3B /* Frameworks */ = {
			isa = PBXFrameworksBuildPhase;
			buildActionMask = 2147483647;
			files = (
			);
			runOnlyForDeploymentPostprocessing = 0;
		};
/* End PBXFrameworksBuildPhase section */

/* Begin PBXGroup section */
		5A22A9D0265BE920003D0372 /* Views */ = {
			isa = PBXGroup;
			children = (
				5A9B120C265AD46D0024FB3B /* SearchViewController.swift */,
				5A22A9DB265FF005003D0372 /* FollowersViewController.swift */,
				5A22A9D1265BEE29003D0372 /* UserInfoViewController.swift */,
				5A22A9D9265BFD52003D0372 /* FavoritesViewController.swift */,
			);
			path = Views;
			sourceTree = "<group>";
		};
		5A22A9D5265BF683003D0372 /* Extensions */ = {
			isa = PBXGroup;
			children = (
				5A22A9D6265BF6AC003D0372 /* UIViewControllerExt.swift */,
			);
			path = Extensions;
			sourceTree = "<group>";
		};
		5A22A9D8265BFC0F003D0372 /* Helpers */ = {
			isa = PBXGroup;
			children = (
				5A9B120A265AC48F0024FB3B /* DataHelper.swift */,
			);
			path = Helpers;
			sourceTree = "<group>";
		};
		5A9B11E7265AC05A0024FB3B = {
			isa = PBXGroup;
			children = (
				5A9B11F2265AC05A0024FB3B /* GitHubFollowers */,
				5A9B11F1265AC05A0024FB3B /* Products */,
			);
			sourceTree = "<group>";
		};
		5A9B11F1265AC05A0024FB3B /* Products */ = {
			isa = PBXGroup;
			children = (
				5A9B11F0265AC05A0024FB3B /* GitHubFollowers.app */,
			);
			name = Products;
			sourceTree = "<group>";
		};
		5A9B11F2265AC05A0024FB3B /* GitHubFollowers */ = {
			isa = PBXGroup;
			children = (
				5A9B11F3265AC05A0024FB3B /* AppDelegate.swift */,
				5A9B11F5265AC05A0024FB3B /* SceneDelegate.swift */,
				5A0BADBD265FF87E0082A870 /* Enums.swift */,
				5A22A9D8265BFC0F003D0372 /* Helpers */,
				5A22A9D5265BF683003D0372 /* Extensions */,
				5AB6D97A2667A57700BC8C20 /* CustomViews */,
				5A22A9D0265BE920003D0372 /* Views */,
				5A9B11FF265AC05B0024FB3B /* Assets.xcassets */,
				5A9B1201265AC05B0024FB3B /* LaunchScreen.storyboard */,
				5A9B11FC265AC05A0024FB3B /* GitHubFollowers.xcdatamodeld */,
				5AB6D97D2667A86F00BC8C20 /* README.md */,
				5A9B1204265AC05B0024FB3B /* Info.plist */,
			);
			path = GitHubFollowers;
			sourceTree = "<group>";
		};
		5AB6D97A2667A57700BC8C20 /* CustomViews */ = {
			isa = PBXGroup;
			children = (
				5AB6D97B2667A5AB00BC8C20 /* FavoritesTableViewCell.swift */,
				5AB6D97E2667EE5900BC8C20 /* FollowersCollectionViewCell.swift */,
			);
			path = CustomViews;
			sourceTree = "<group>";
		};
/* End PBXGroup section */

/* Begin PBXNativeTarget section */
		5A9B11EF265AC05A0024FB3B /* GitHubFollowers */ = {
			isa = PBXNativeTarget;
			buildConfigurationList = 5A9B1207265AC05B0024FB3B /* Build configuration list for PBXNativeTarget "GitHubFollowers" */;
			buildPhases = (
				5A9B11EC265AC05A0024FB3B /* Sources */,
				5A9B11ED265AC05A0024FB3B /* Frameworks */,
				5A9B11EE265AC05A0024FB3B /* Resources */,
			);
			buildRules = (
			);
			dependencies = (
			);
			name = GitHubFollowers;
			productName = GitHubFollowers;
			productReference = 5A9B11F0265AC05A0024FB3B /* GitHubFollowers.app */;
			productType = "com.apple.product-type.application";
		};
/* End PBXNativeTarget section */

/* Begin PBXProject section */
		5A9B11E8265AC05A0024FB3B /* Project object */ = {
			isa = PBXProject;
			attributes = {
				LastSwiftUpdateCheck = 1250;
				LastUpgradeCheck = 1250;
				TargetAttributes = {
					5A9B11EF265AC05A0024FB3B = {
						CreatedOnToolsVersion = 12.5;
					};
				};
			};
			buildConfigurationList = 5A9B11EB265AC05A0024FB3B /* Build configuration list for PBXProject "GitHubFollowers" */;
			compatibilityVersion = "Xcode 9.3";
			developmentRegion = en;
			hasScannedForEncodings = 0;
			knownRegions = (
				en,
				Base,
			);
			mainGroup = 5A9B11E7265AC05A0024FB3B;
			productRefGroup = 5A9B11F1265AC05A0024FB3B /* Products */;
			projectDirPath = "";
			projectRoot = "";
			targets = (
				5A9B11EF265AC05A0024FB3B /* GitHubFollowers */,
			);
		};
/* End PBXProject section */

/* Begin PBXResourcesBuildPhase section */
		5A9B11EE265AC05A0024FB3B /* Resources */ = {
			isa = PBXResourcesBuildPhase;
			buildActionMask = 2147483647;
			files = (
				5A9B1203265AC05B0024FB3B /* LaunchScreen.storyboard in Resources */,
				5A9B1200265AC05B0024FB3B /* Assets.xcassets in Resources */,
			);
			runOnlyForDeploymentPostprocessing = 0;
		};
/* End PBXResourcesBuildPhase section */

/* Begin PBXSourcesBuildPhase section */
		5A9B11EC265AC05A0024FB3B /* Sources */ = {
			isa = PBXSourcesBuildPhase;
			buildActionMask = 2147483647;
			files = (
				5AB6D97F2667EE5900BC8C20 /* FollowersCollectionViewCell.swift in Sources */,
				5AB6D97C2667A5AB00BC8C20 /* FavoritesTableViewCell.swift in Sources */,
				5A9B120B265AC48F0024FB3B /* DataHelper.swift in Sources */,
				5A22A9DA265BFD52003D0372 /* FavoritesViewController.swift in Sources */,
				5A0BADBE265FF87E0082A870 /* Enums.swift in Sources */,
				5A22A9D2265BEE29003D0372 /* UserInfoViewController.swift in Sources */,
				5A22A9D7265BF6AC003D0372 /* UIViewControllerExt.swift in Sources */,
				5A9B11FE265AC05A0024FB3B /* GitHubFollowers.xcdatamodeld in Sources */,
				5A22A9DC265FF005003D0372 /* FollowersViewController.swift in Sources */,
				5A9B120D265AD46D0024FB3B /* SearchViewController.swift in Sources */,
				5A9B11F4265AC05A0024FB3B /* AppDelegate.swift in Sources */,
				5A9B11F6265AC05A0024FB3B /* SceneDelegate.swift in Sources */,
			);
			runOnlyForDeploymentPostprocessing = 0;
		};
/* End PBXSourcesBuildPhase section */

/* Begin PBXVariantGroup section */
		5A9B1201265AC05B0024FB3B /* LaunchScreen.storyboard */ = {
			isa = PBXVariantGroup;
			children = (
				5A9B1202265AC05B0024FB3B /* Base */,
			);
			name = LaunchScreen.storyboard;
			sourceTree = "<group>";
		};
/* End PBXVariantGroup section */

/* Begin XCBuildConfiguration section */
		5A9B1205265AC05B0024FB3B /* Debug */ = {
			isa = XCBuildConfiguration;
			buildSettings = {
				ALWAYS_SEARCH_USER_PATHS = NO;
				CLANG_ANALYZER_NONNULL = YES;
				CLANG_ANALYZER_NUMBER_OBJECT_CONVERSION = YES_AGGRESSIVE;
				CLANG_CXX_LANGUAGE_STANDARD = "gnu++14";
				CLANG_CXX_LIBRARY = "libc++";
				CLANG_ENABLE_MODULES = YES;
				CLANG_ENABLE_OBJC_ARC = YES;
				CLANG_ENABLE_OBJC_WEAK = YES;
				CLANG_WARN_BLOCK_CAPTURE_AUTORELEASING = YES;
				CLANG_WARN_BOOL_CONVERSION = YES;
				CLANG_WARN_COMMA = YES;
				CLANG_WARN_CONSTANT_CONVERSION = YES;
				CLANG_WARN_DEPRECATED_OBJC_IMPLEMENTATIONS = YES;
				CLANG_WARN_DIRECT_OBJC_ISA_USAGE = YES_ERROR;
				CLANG_WARN_DOCUMENTATION_COMMENTS = YES;
				CLANG_WARN_EMPTY_BODY = YES;
				CLANG_WARN_ENUM_CONVERSION = YES;
				CLANG_WARN_INFINITE_RECURSION = YES;
				CLANG_WARN_INT_CONVERSION = YES;
				CLANG_WARN_NON_LITERAL_NULL_CONVERSION = YES;
				CLANG_WARN_OBJC_IMPLICIT_RETAIN_SELF = YES;
				CLANG_WARN_OBJC_LITERAL_CONVERSION = YES;
				CLANG_WARN_OBJC_ROOT_CLASS = YES_ERROR;
				CLANG_WARN_QUOTED_INCLUDE_IN_FRAMEWORK_HEADER = YES;
				CLANG_WARN_RANGE_LOOP_ANALYSIS = YES;
				CLANG_WARN_STRICT_PROTOTYPES = YES;
				CLANG_WARN_SUSPICIOUS_MOVE = YES;
				CLANG_WARN_UNGUARDED_AVAILABILITY = YES_AGGRESSIVE;
				CLANG_WARN_UNREACHABLE_CODE = YES;
				CLANG_WARN__DUPLICATE_METHOD_MATCH = YES;
				COPY_PHASE_STRIP = NO;
				DEBUG_INFORMATION_FORMAT = dwarf;
				ENABLE_STRICT_OBJC_MSGSEND = YES;
				ENABLE_TESTABILITY = YES;
				GCC_C_LANGUAGE_STANDARD = gnu11;
				GCC_DYNAMIC_NO_PIC = NO;
				GCC_NO_COMMON_BLOCKS = YES;
				GCC_OPTIMIZATION_LEVEL = 0;
				GCC_PREPROCESSOR_DEFINITIONS = (
					"DEBUG=1",
					"$(inherited)",
				);
				GCC_WARN_64_TO_32_BIT_CONVERSION = YES;
				GCC_WARN_ABOUT_RETURN_TYPE = YES_ERROR;
				GCC_WARN_UNDECLARED_SELECTOR = YES;
				GCC_WARN_UNINITIALIZED_AUTOS = YES_AGGRESSIVE;
				GCC_WARN_UNUSED_FUNCTION = YES;
				GCC_WARN_UNUSED_VARIABLE = YES;
				IPHONEOS_DEPLOYMENT_TARGET = 14.5;
				MTL_ENABLE_DEBUG_INFO = INCLUDE_SOURCE;
				MTL_FAST_MATH = YES;
				ONLY_ACTIVE_ARCH = YES;
				SDKROOT = iphoneos;
				SWIFT_ACTIVE_COMPILATION_CONDITIONS = DEBUG;
				SWIFT_OPTIMIZATION_LEVEL = "-Onone";
			};
			name = Debug;
		};
		5A9B1206265AC05B0024FB3B /* Release */ = {
			isa = XCBuildConfiguration;
			buildSettings = {
				ALWAYS_SEARCH_USER_PATHS = NO;
				CLANG_ANALYZER_NONNULL = YES;
				CLANG_ANALYZER_NUMBER_OBJECT_CONVERSION = YES_AGGRESSIVE;
				CLANG_CXX_LANGUAGE_STANDARD = "gnu++14";
				CLANG_CXX_LIBRARY = "libc++";
				CLANG_ENABLE_MODULES = YES;
				CLANG_ENABLE_OBJC_ARC = YES;
				CLANG_ENABLE_OBJC_WEAK = YES;
				CLANG_WARN_BLOCK_CAPTURE_AUTORELEASING = YES;
				CLANG_WARN_BOOL_CONVERSION = YES;
				CLANG_WARN_COMMA = YES;
				CLANG_WARN_CONSTANT_CONVERSION = YES;
				CLANG_WARN_DEPRECATED_OBJC_IMPLEMENTATIONS = YES;
				CLANG_WARN_DIRECT_OBJC_ISA_USAGE = YES_ERROR;
				CLANG_WARN_DOCUMENTATION_COMMENTS = YES;
				CLANG_WARN_EMPTY_BODY = YES;
				CLANG_WARN_ENUM_CONVERSION = YES;
				CLANG_WARN_INFINITE_RECURSION = YES;
				CLANG_WARN_INT_CONVERSION = YES;
				CLANG_WARN_NON_LITERAL_NULL_CONVERSION = YES;
				CLANG_WARN_OBJC_IMPLICIT_RETAIN_SELF = YES;
				CLANG_WARN_OBJC_LITERAL_CONVERSION = YES;
				CLANG_WARN_OBJC_ROOT_CLASS = YES_ERROR;
				CLANG_WARN_QUOTED_INCLUDE_IN_FRAMEWORK_HEADER = YES;
				CLANG_WARN_RANGE_LOOP_ANALYSIS = YES;
				CLANG_WARN_STRICT_PROTOTYPES = YES;
				CLANG_WARN_SUSPICIOUS_MOVE = YES;
				CLANG_WARN_UNGUARDED_AVAILABILITY = YES_AGGRESSIVE;
				CLANG_WARN_UNREACHABLE_CODE = YES;
				CLANG_WARN__DUPLICATE_METHOD_MATCH = YES;
				COPY_PHASE_STRIP = NO;
				DEBUG_INFORMATION_FORMAT = "dwarf-with-dsym";
				ENABLE_NS_ASSERTIONS = NO;
				ENABLE_STRICT_OBJC_MSGSEND = YES;
				GCC_C_LANGUAGE_STANDARD = gnu11;
				GCC_NO_COMMON_BLOCKS = YES;
				GCC_WARN_64_TO_32_BIT_CONVERSION = YES;
				GCC_WARN_ABOUT_RETURN_TYPE = YES_ERROR;
				GCC_WARN_UNDECLARED_SELECTOR = YES;
				GCC_WARN_UNINITIALIZED_AUTOS = YES_AGGRESSIVE;
				GCC_WARN_UNUSED_FUNCTION = YES;
				GCC_WARN_UNUSED_VARIABLE = YES;
				IPHONEOS_DEPLOYMENT_TARGET = 14.5;
				MTL_ENABLE_DEBUG_INFO = NO;
				MTL_FAST_MATH = YES;
				SDKROOT = iphoneos;
				SWIFT_COMPILATION_MODE = wholemodule;
				SWIFT_OPTIMIZATION_LEVEL = "-O";
				VALIDATE_PRODUCT = YES;
			};
			name = Release;
		};
		5A9B1208265AC05B0024FB3B /* Debug */ = {
			isa = XCBuildConfiguration;
			buildSettings = {
				ASSETCATALOG_COMPILER_APPICON_NAME = AppIcon;
				ASSETCATALOG_COMPILER_GLOBAL_ACCENT_COLOR_NAME = AccentColor;
				CODE_SIGN_STYLE = Automatic;
				DEVELOPMENT_TEAM = ALVSY66ULS;
				INFOPLIST_FILE = GitHubFollowers/Info.plist;
				LD_RUNPATH_SEARCH_PATHS = (
					"$(inherited)",
					"@executable_path/Frameworks",
				);
				PRODUCT_BUNDLE_IDENTIFIER = sdk.GitHubFollowers;
				PRODUCT_NAME = "$(TARGET_NAME)";
				SWIFT_VERSION = 5.0;
				TARGETED_DEVICE_FAMILY = "1,2";
			};
			name = Debug;
		};
		5A9B1209265AC05B0024FB3B /* Release */ = {
			isa = XCBuildConfiguration;
			buildSettings = {
				ASSETCATALOG_COMPILER_APPICON_NAME = AppIcon;
				ASSETCATALOG_COMPILER_GLOBAL_ACCENT_COLOR_NAME = AccentColor;
				CODE_SIGN_STYLE = Automatic;
				DEVELOPMENT_TEAM = ALVSY66ULS;
				INFOPLIST_FILE = GitHubFollowers/Info.plist;
				LD_RUNPATH_SEARCH_PATHS = (
					"$(inherited)",
					"@executable_path/Frameworks",
				);
				PRODUCT_BUNDLE_IDENTIFIER = sdk.GitHubFollowers;
				PRODUCT_NAME = "$(TARGET_NAME)";
				SWIFT_VERSION = 5.0;
				TARGETED_DEVICE_FAMILY = "1,2";
			};
			name = Release;
		};
/* End XCBuildConfiguration section */

/* Begin XCConfigurationList section */
		5A9B11EB265AC05A0024FB3B /* Build configuration list for PBXProject "GitHubFollowers" */ = {
			isa = XCConfigurationList;
			buildConfigurations = (
				5A9B1205265AC05B0024FB3B /* Debug */,
				5A9B1206265AC05B0024FB3B /* Release */,
			);
			defaultConfigurationIsVisible = 0;
			defaultConfigurationName = Release;
		};
		5A9B1207265AC05B0024FB3B /* Build configuration list for PBXNativeTarget "GitHubFollowers" */ = {
			isa = XCConfigurationList;
			buildConfigurations = (
				5A9B1208265AC05B0024FB3B /* Debug */,
				5A9B1209265AC05B0024FB3B /* Release */,
			);
			defaultConfigurationIsVisible = 0;
			defaultConfigurationName = Release;
		};
/* End XCConfigurationList section */

/* Begin XCVersionGroup section */
		5A9B11FC265AC05A0024FB3B /* GitHubFollowers.xcdatamodeld */ = {
			isa = XCVersionGroup;
			children = (
				5A9B11FD265AC05A0024FB3B /* GitHubFollowers.xcdatamodel */,
			);
			currentVersion = 5A9B11FD265AC05A0024FB3B /* GitHubFollowers.xcdatamodel */;
			path = GitHubFollowers.xcdatamodeld;
			sourceTree = "<group>";
			versionGroupType = wrapper.xcdatamodel;
		};
/* End XCVersionGroup section */
	};
	rootObject = 5A9B11E8265AC05A0024FB3B /* Project object */;
}
